
Microsoft Visual Studio Solution File, Format Version 12.00
# Visual Studio Version 16
VisualStudioVersion = 16.0.32002.261
MinimumVisualStudioVersion = 10.0.40219.1
Project("{9A19103F-16F7-4668-BE54-9A1E7A4F7556}") = "FizzBuzzApp", "FizzBuzzApp.csproj", "{4DF6BE20-B1CE-43E8-AE17-EB9B692EEE7C}"
EndProject
Global
	GlobalSection(SolutionConfigurationPlatforms) = preSolution
		Debug|Any CPU = Debug|Any CPU
		Release|Any CPU = Release|Any CPU
	EndGlobalSection
	GlobalSection(ProjectConfigurationPlatforms) = postSolution
		{4DF6BE20-B1CE-43E8-AE17-EB9B692EEE7C}.Debug|Any CPU.ActiveCfg = Debug|Any CPU
		{4DF6BE20-B1CE-43E8-AE17-EB9B692EEE7C}.Debug|Any CPU.Build.0 = Debug|Any CPU
		{4DF6BE20-B1CE-43E8-AE17-EB9B692EEE7C}.Release|Any CPU.ActiveCfg = Release|Any CPU
		{4DF6BE20-B1CE-43E8-AE17-EB9B692EEE7C}.Release|Any CPU.Build.0 = Release|Any CPU
	EndGlobalSection
	GlobalSection(SolutionProperties) = preSolution
		HideSolutionNode = FALSE
	EndGlobalSection
	GlobalSection(ExtensibilityGlobals) = postSolution
		SolutionGuid = {3DB1CECD-D745-4BA2-931B-8369C2DCDF2F}
	EndGlobalSection
EndGlobal
